{
  "name": "mobile-wiki-server",
  "version": "0.0.0",
  "dependencies": {
    "abab": {
      "version": "1.0.3"
    },
    "accept-language-parser": {
      "version": "1.3.0"
    },
    "acorn": {
      "version": "4.0.11"
    },
    "acorn-globals": {
      "version": "3.1.0"
    },
    "ajv": {
      "version": "4.11.4"
    },
    "align-text": {
      "version": "0.1.4"
    },
    "amdefine": {
      "version": "1.0.1"
    },
    "ammo": {
      "version": "1.0.1"
    },
    "array-equal": {
      "version": "1.0.0"
    },
    "asn1": {
      "version": "0.2.3"
    },
    "assert-plus": {
      "version": "0.1.5"
    },
    "async": {
      "version": "1.5.2"
    },
    "asynckit": {
      "version": "0.4.0"
    },
    "aws-sign2": {
      "version": "0.6.0"
    },
    "aws4": {
      "version": "1.6.0"
    },
    "balanced-match": {
      "version": "0.4.2",
      "optional": true
    },
    "bcrypt-pbkdf": {
      "version": "1.0.1",
      "optional": true
    },
    "bluebird": {
      "version": "2.10.2"
    },
    "boom": {
      "version": "2.7.0"
    },
    "brace-expansion": {
      "version": "1.1.6",
      "optional": true
    },
    "bunyan": {
      "version": "1.8.1"
    },
    "bunyan-prettystream": {
      "version": "0.1.3"
    },
    "bunyan-syslog": {
      "version": "0.3.1",
      "from": "git://github.com/mcavage/node-bunyan-syslog.git#9bdb9eb62a763c7d30e032a619138032d5ff8771",
      "resolved": "git://github.com/mcavage/node-bunyan-syslog.git#9bdb9eb62a763c7d30e032a619138032d5ff8771",
      "dependencies": {
        "nan": {
          "version": "2.4.0"
        }
      }
    },
    "camelcase": {
      "version": "1.2.1",
      "optional": true
    },
    "caseless": {
      "version": "0.12.0"
    },
    "center-align": {
      "version": "0.1.3",
      "optional": true
    },
    "cliui": {
      "version": "2.1.0",
      "optional": true,
      "dependencies": {
        "wordwrap": {
          "version": "0.0.2",
          "optional": true
        }
      }
    },
    "co": {
      "version": "4.6.0"
    },
    "combined-stream": {
      "version": "1.0.5"
    },
    "concat-map": {
      "version": "0.0.1",
      "optional": true
    },
    "content-type-parser": {
      "version": "1.0.1"
    },
    "cookies": {
      "version": "0.7.0"
    },
    "cryptiles": {
      "version": "2.0.5"
    },
    "cssom": {
      "version": "0.3.2"
    },
    "cssstyle": {
      "version": "0.2.37"
    },
    "dashdash": {
      "version": "1.14.1",
      "dependencies": {
        "assert-plus": {
          "version": "1.0.0"
        }
      }
    },
    "decamelize": {
      "version": "1.2.0",
      "optional": true
    },
    "deep-extend": {
      "version": "0.3.3"
    },
    "deep-is": {
      "version": "0.1.3"
    },
    "delayed-stream": {
      "version": "1.0.0"
    },
    "depd": {
      "version": "1.1.0"
    },
    "dtrace-provider": {
      "version": "0.6.0",
      "optional": true
    },
    "ecc-jsbn": {
      "version": "0.1.1",
      "optional": true
    },
    "escodegen": {
      "version": "1.8.1",
      "dependencies": {
        "source-map": {
          "version": "0.2.0",
          "optional": true
        }
      }
    },
    "esprima": {
      "version": "2.7.3"
    },
    "estraverse": {
      "version": "1.9.3"
    },
    "esutils": {
      "version": "2.0.2"
    },
    "extend": {
      "version": "3.0.0"
    },
    "extsprintf": {
      "version": "1.0.2"
    },
    "fast-levenshtein": {
      "version": "2.0.6"
    },
    "forever-agent": {
      "version": "0.6.1"
    },
    "form-data": {
      "version": "2.1.2"
    },
    "getpass": {
      "version": "0.1.6",
      "dependencies": {
        "assert-plus": {
          "version": "1.0.0"
        }
      }
    },
    "glob": {
      "version": "6.0.4",
      "optional": true
    },
    "h2o2": {
      "version": "4.0.2"
    },
    "handlebars": {
      "version": "4.0.5"
    },
    "hapi": {
      "version": "9.5.1",
      "dependencies": {
        "accept": {
          "version": "1.1.0"
        },
        "ammo": {
          "version": "1.0.1"
        },
        "boom": {
          "version": "2.9.0"
        },
        "call": {
          "version": "2.0.2"
        },
        "catbox": {
          "version": "6.0.0"
        },
        "catbox-memory": {
          "version": "1.1.2"
        },
        "cryptiles": {
          "version": "2.0.5"
        },
        "heavy": {
          "version": "3.0.1"
        },
        "hoek": {
          "version": "2.16.3"
        },
        "iron": {
          "version": "2.1.3"
        },
        "items": {
          "version": "1.1.0"
        },
        "joi": {
          "version": "6.8.1",
          "dependencies": {
            "isemail": {
              "version": "1.2.0"
            },
            "moment": {
              "version": "2.10.6"
            }
          }
        },
        "kilt": {
          "version": "1.1.1"
        },
        "mimos": {
          "version": "2.0.2",
          "dependencies": {
            "mime-db": {
              "version": "1.19.0"
            }
          }
        },
        "peekaboo": {
          "version": "1.0.0"
        },
        "qs": {
          "version": "4.0.0"
        },
        "shot": {
          "version": "1.7.0"
        },
        "statehood": {
          "version": "2.1.1"
        },
        "subtext": {
          "version": "2.0.0",
          "dependencies": {
            "content": {
              "version": "1.0.2"
            },
            "pez": {
              "version": "1.0.0",
              "dependencies": {
                "b64": {
                  "version": "2.0.1"
                },
                "nigel": {
                  "version": "1.0.1",
                  "dependencies": {
                    "vise": {
                      "version": "1.0.0"
                    }
                  }
                }
              }
            },
            "wreck": {
              "version": "6.2.0"
            }
          }
        },
        "topo": {
          "version": "1.1.0"
        }
      }
    },
    "hapi-i18next": {
      "version": "2.0.2",
      "from": "git://github.com/hakubo/hapi-i18next.git#93fec46bb9b44c7f143140542fc1b7a65b250819",
      "resolved": "git://github.com/hakubo/hapi-i18next.git#93fec46bb9b44c7f143140542fc1b7a65b250819"
    },
    "har-schema": {
      "version": "1.0.5"
    },
    "har-validator": {
      "version": "4.2.1"
    },
    "hawk": {
      "version": "3.1.3"
    },
    "hoek": {
      "version": "2.12.0"
    },
    "html-encoding-sniffer": {
      "version": "1.0.1"
    },
    "http-signature": {
      "version": "1.1.1",
      "dependencies": {
        "assert-plus": {
          "version": "0.2.0"
        }
      }
    },
    "i18next": {
      "version": "1.10.6"
    },
    "i18next-client": {
      "version": "1.10.3"
    },
    "iconv-lite": {
      "version": "0.4.13"
    },
    "inert": {
      "version": "3.2.0"
    },
    "inflight": {
      "version": "1.0.6",
      "optional": true
    },
    "inherits": {
      "version": "2.0.3",
      "optional": true
    },
    "is-buffer": {
      "version": "1.1.4"
    },
    "is-typedarray": {
      "version": "1.0.0"
    },
    "isemail": {
      "version": "1.2.0"
    },
    "isstream": {
      "version": "0.1.2"
    },
    "items": {
      "version": "1.1.1"
    },
    "jodid25519": {
      "version": "1.0.2",
      "optional": true
    },
    "joi": {
      "version": "6.10.1"
    },
    "jsbn": {
      "version": "0.1.1",
      "optional": true
    },
    "jsdom": {
      "version": "9.11.0"
    },
    "json-schema": {
      "version": "0.2.3"
    },
    "json-stable-stringify": {
      "version": "1.0.1"
    },
    "json-stringify-safe": {
      "version": "5.0.1"
    },
    "json5": {
      "version": "0.2.0"
    },
    "jsonify": {
      "version": "0.0.0"
    },
    "jsprim": {
      "version": "1.3.1"
    },
    "keygrip": {
      "version": "1.0.1"
    },
    "kind-of": {
      "version": "3.1.0"
    },
    "lazy-cache": {
      "version": "1.0.4",
      "optional": true
    },
    "levn": {
      "version": "0.3.0"
    },
    "longest": {
      "version": "1.0.1"
    },
    "lru-cache": {
      "version": "2.7.3"
    },
    "mime-db": {
      "version": "1.26.0"
    },
    "mime-types": {
      "version": "2.1.14"
    },
    "minimatch": {
      "version": "3.0.3",
      "optional": true
    },
    "minimist": {
      "version": "0.0.8"
    },
    "mkdirp": {
      "version": "0.5.1",
      "optional": true
    },
    "moment": {
      "version": "2.17.1"
    },
    "mv": {
      "version": "2.1.1",
      "optional": true
    },
    "nan": {
      "version": "2.5.1",
      "optional": true
    },
    "ncp": {
      "version": "2.0.0",
      "optional": true
    },
    "newrelic": {
      "version": "1.25.1",
      "dependencies": {
        "concat-stream": {
          "version": "1.5.1",
          "dependencies": {
            "inherits": {
              "version": "2.0.1"
            },
            "readable-stream": {
              "version": "2.0.5",
              "dependencies": {
                "core-util-is": {
                  "version": "1.0.2"
                },
                "isarray": {
                  "version": "0.0.1"
                },
                "process-nextick-args": {
                  "version": "1.0.6"
                },
                "string_decoder": {
                  "version": "0.10.31"
                },
                "util-deprecate": {
                  "version": "1.0.2"
                }
              }
            },
            "typedarray": {
              "version": "0.0.6"
            }
          }
        },
        "https-proxy-agent": {
          "version": "0.3.6",
          "dependencies": {
            "agent-base": {
              "version": "1.0.2"
            },
            "debug": {
              "version": "2.2.0",
              "dependencies": {
                "ms": {
                  "version": "0.7.1"
                }
              }
            },
            "extend": {
              "version": "3.0.0"
            }
          }
        },
        "json-stringify-safe": {
          "version": "5.0.1"
        },
        "readable-stream": {
          "version": "1.1.13",
          "dependencies": {
            "core-util-is": {
              "version": "1.0.2"
            },
            "inherits": {
              "version": "2.0.1"
            },
            "isarray": {
              "version": "0.0.1"
            },
            "string_decoder": {
              "version": "0.10.31"
            }
          }
        },
        "semver": {
          "version": "4.3.6"
        },
        "yakaa": {
          "version": "1.0.1"
        }
      }
    },
    "node-esapi": {
      "version": "0.0.1"
    },
    "node-uuid": {
      "version": "1.4.7"
    },
    "numeral": {
      "version": "2.0.4"
    },
    "nwmatcher": {
      "version": "1.3.9"
    },
    "oauth-sign": {
      "version": "0.8.2"
    },
    "once": {
      "version": "1.4.0"
    },
    "optimist": {
      "version": "0.6.1"
    },
    "optionator": {
      "version": "0.8.2",
      "dependencies": {
        "wordwrap": {
          "version": "1.0.0"
        }
      }
    },
    "parse5": {
      "version": "1.5.1"
    },
    "path-is-absolute": {
      "version": "1.0.1",
      "optional": true
    },
    "performance-now": {
      "version": "0.2.0"
    },
    "prelude-ls": {
      "version": "1.1.2"
    },
    "punycode": {
      "version": "1.4.1"
    },
    "qs": {
      "version": "6.3.2"
    },
    "repeat-string": {
      "version": "1.6.1"
    },
    "request": {
      "version": "2.80.0",
      "dependencies": {
        "uuid": {
          "version": "3.0.1"
        }
      }
    },
    "right-align": {
      "version": "0.1.3",
      "optional": true
    },
    "rimraf": {
      "version": "2.4.5",
      "optional": true
    },
    "safe-json-stringify": {
      "version": "1.0.4",
      "optional": true
    },
    "sax": {
      "version": "1.2.2"
    },
    "sntp": {
      "version": "1.0.9"
    },
    "source-map": {
      "version": "0.4.4"
    },
    "sshpk": {
      "version": "1.11.0",
      "dependencies": {
        "assert-plus": {
          "version": "1.0.0"
        }
      }
    },
    "stringstream": {
      "version": "0.0.5"
    },
    "symbol-tree": {
      "version": "3.2.2"
    },
    "topo": {
      "version": "1.1.0"
    },
    "tough-cookie": {
      "version": "2.3.2"
    },
    "tr46": {
      "version": "0.0.3"
    },
    "tunnel-agent": {
      "version": "0.4.3"
    },
    "tweetnacl": {
      "version": "0.14.5",
      "optional": true
    },
    "type-check": {
      "version": "0.3.2"
    },
    "uglify-js": {
      "version": "2.8.10",
      "optional": true,
      "dependencies": {
        "source-map": {
          "version": "0.5.6",
          "optional": true
        }
      }
    },
    "uglify-to-browserify": {
      "version": "1.0.2",
      "optional": true
    },
    "verror": {
      "version": "1.3.6"
    },
    "vignette": {
      "version": "2.5.0",
      "from": "git://github.com/wikia/vignette-js.git#1b14c518837fafd3794bc969e77fea76e58a685a",
      "resolved": "git://github.com/wikia/vignette-js.git#1b14c518837fafd3794bc969e77fea76e58a685a"
    },
    "vision": {
      "version": "3.0.0"
    },
    "webidl-conversions": {
      "version": "4.0.1"
    },
    "whatwg-encoding": {
      "version": "1.0.1"
    },
    "whatwg-url": {
      "version": "4.5.0",
      "dependencies": {
        "webidl-conversions": {
          "version": "3.0.1"
        }
      }
    },
    "window-size": {
      "version": "0.1.0",
      "optional": true
    },
    "wordwrap": {
      "version": "0.0.3"
    },
    "wrappy": {
      "version": "1.0.2"
    },
    "wreck": {
      "version": "6.3.0"
    },
    "xml-name-validator": {
      "version": "2.0.1"
    },
    "yargs": {
      "version": "3.10.0",
      "optional": true
    }
  }
}